
Microsoft Visual Studio Solution File, Format Version 12.00
# Visual Studio Version 16
VisualStudioVersion = 16.0.30804.86
MinimumVisualStudioVersion = 10.0.40219.1
Project("{9A19103F-16F7-4668-BE54-9A1E7A4F7556}") = "User.Service.API", "User.Service\User.Service.API.csproj", "{8199AECE-BB58-4BA3-9474-00A3E92DCF4B}"
EndProject
Project("{2150E333-8FDC-42A3-9474-1A3956D46DE8}") = "Core", "Core", "{8B8748DF-F449-4EBF-93EB-B7073E2B2BAE}"
EndProject
Project("{9A19103F-16F7-4668-BE54-9A1E7A4F7556}") = "User.Domain", "User.Domain\User.Domain.csproj", "{4C01588F-EFB6-435B-B25F-F29C96155D99}"
EndProject
Project("{2150E333-8FDC-42A3-9474-1A3956D46DE8}") = "Infrastructure", "Infrastructure", "{84900667-75F6-4B8D-A955-D4C9EC2DD3A9}"
EndProject
Project("{9A19103F-16F7-4668-BE54-9A1E7A4F7556}") = "User.Database", "User.Database\User.Database.csproj", "{E497275C-ADA5-4003-9CD2-0023DC482B1F}"
EndProject
Project("{9A19103F-16F7-4668-BE54-9A1E7A4F7556}") = "User.Services", "User.Services\User.Services.csproj", "{1409F31F-F75F-4663-B1B8-D36721313479}"
EndProject
Global
	GlobalSection(SolutionConfigurationPlatforms) = preSolution
		Debug|Any CPU = Debug|Any CPU
		Release|Any CPU = Release|Any CPU
	EndGlobalSection
	GlobalSection(ProjectConfigurationPlatforms) = postSolution
		{8199AECE-BB58-4BA3-9474-00A3E92DCF4B}.Debug|Any CPU.ActiveCfg = Debug|Any CPU
		{8199AECE-BB58-4BA3-9474-00A3E92DCF4B}.Debug|Any CPU.Build.0 = Debug|Any CPU
		{8199AECE-BB58-4BA3-9474-00A3E92DCF4B}.Release|Any CPU.ActiveCfg = Release|Any CPU
		{8199AECE-BB58-4BA3-9474-00A3E92DCF4B}.Release|Any CPU.Build.0 = Release|Any CPU
		{4C01588F-EFB6-435B-B25F-F29C96155D99}.Debug|Any CPU.ActiveCfg = Debug|Any CPU
		{4C01588F-EFB6-435B-B25F-F29C96155D99}.Debug|Any CPU.Build.0 = Debug|Any CPU
		{4C01588F-EFB6-435B-B25F-F29C96155D99}.Release|Any CPU.ActiveCfg = Release|Any CPU
		{4C01588F-EFB6-435B-B25F-F29C96155D99}.Release|Any CPU.Build.0 = Release|Any CPU
		{E497275C-ADA5-4003-9CD2-0023DC482B1F}.Debug|Any CPU.ActiveCfg = Debug|Any CPU
		{E497275C-ADA5-4003-9CD2-0023DC482B1F}.Debug|Any CPU.Build.0 = Debug|Any CPU
		{E497275C-ADA5-4003-9CD2-0023DC482B1F}.Release|Any CPU.ActiveCfg = Release|Any CPU
		{E497275C-ADA5-4003-9CD2-0023DC482B1F}.Release|Any CPU.Build.0 = Release|Any CPU
		{1409F31F-F75F-4663-B1B8-D36721313479}.Debug|Any CPU.ActiveCfg = Debug|Any CPU
		{1409F31F-F75F-4663-B1B8-D36721313479}.Debug|Any CPU.Build.0 = Debug|Any CPU
		{1409F31F-F75F-4663-B1B8-D36721313479}.Release|Any CPU.ActiveCfg = Release|Any CPU
		{1409F31F-F75F-4663-B1B8-D36721313479}.Release|Any CPU.Build.0 = Release|Any CPU
	EndGlobalSection
	GlobalSection(SolutionProperties) = preSolution
		HideSolutionNode = FALSE
	EndGlobalSection
	GlobalSection(NestedProjects) = preSolution
		{4C01588F-EFB6-435B-B25F-F29C96155D99} = {8B8748DF-F449-4EBF-93EB-B7073E2B2BAE}
		{E497275C-ADA5-4003-9CD2-0023DC482B1F} = {84900667-75F6-4B8D-A955-D4C9EC2DD3A9}
		{1409F31F-F75F-4663-B1B8-D36721313479} = {8B8748DF-F449-4EBF-93EB-B7073E2B2BAE}
	EndGlobalSection
	GlobalSection(ExtensibilityGlobals) = postSolution
		SolutionGuid = {CED9A435-C7A6-41D9-9956-125CACA3E876}
	EndGlobalSection
EndGlobal
